// !$*UTF8*$!
{
	archiveVersion = 1;
	classes = {
	};
	objectVersion = 56;
	objects = {

/* Begin PBXBuildFile section */
		2274695628EFCD1A00BFE0CD /* AppDelegate.swift in Sources */ = {isa = PBXBuildFile; fileRef = 2274695528EFCD1A00BFE0CD /* AppDelegate.swift */; };
		2274695828EFCD1A00BFE0CD /* SceneDelegate.swift in Sources */ = {isa = PBXBuildFile; fileRef = 2274695728EFCD1A00BFE0CD /* SceneDelegate.swift */; };
		2274695D28EFCD1A00BFE0CD /* Main.storyboard in Resources */ = {isa = PBXBuildFile; fileRef = 2274695B28EFCD1A00BFE0CD /* Main.storyboard */; };
		2274695F28EFCD1D00BFE0CD /* Assets.xcassets in Resources */ = {isa = PBXBuildFile; fileRef = 2274695E28EFCD1D00BFE0CD /* Assets.xcassets */; };
		2274696228EFCD1D00BFE0CD /* LaunchScreen.storyboard in Resources */ = {isa = PBXBuildFile; fileRef = 2274696028EFCD1D00BFE0CD /* LaunchScreen.storyboard */; };
		2274696D28EFCD1D00BFE0CD /* InstagramTests.swift in Sources */ = {isa = PBXBuildFile; fileRef = 2274696C28EFCD1D00BFE0CD /* InstagramTests.swift */; };
		2274697728EFCD1D00BFE0CD /* InstagramUITests.swift in Sources */ = {isa = PBXBuildFile; fileRef = 2274697628EFCD1D00BFE0CD /* InstagramUITests.swift */; };
		2274697928EFCD1D00BFE0CD /* InstagramUITestsLaunchTests.swift in Sources */ = {isa = PBXBuildFile; fileRef = 2274697828EFCD1D00BFE0CD /* InstagramUITestsLaunchTests.swift */; };
		2274698628EFEAAB00BFE0CD /* LoginViewController.swift in Sources */ = {isa = PBXBuildFile; fileRef = 2274698528EFEAAB00BFE0CD /* LoginViewController.swift */; };
		2274698828EFEB2300BFE0CD /* FeedViewController.swift in Sources */ = {isa = PBXBuildFile; fileRef = 2274698728EFEB2300BFE0CD /* FeedViewController.swift */; };
		2274698A28F1556D00BFE0CD /* CameraViewController.swift in Sources */ = {isa = PBXBuildFile; fileRef = 2274698928F1556D00BFE0CD /* CameraViewController.swift */; };
		2274698E28F2777800BFE0CD /* PostCell.swift in Sources */ = {isa = PBXBuildFile; fileRef = 2274698D28F2777800BFE0CD /* PostCell.swift */; };
		B95A4A037FAF235D0B986131 /* Pods_Instagram_InstagramUITests.framework in Frameworks */ = {isa = PBXBuildFile; fileRef = 83CFDA4AE39D09973AD1CCDF /* Pods_Instagram_InstagramUITests.framework */; };
		F5CAE47FF3B7565BF726BEE1 /* Pods_InstagramTests.framework in Frameworks */ = {isa = PBXBuildFile; fileRef = 56E44ED172C4B82AD44DCB6B /* Pods_InstagramTests.framework */; };
		F8E271E1E0552981E1866814 /* Pods_Instagram.framework in Frameworks */ = {isa = PBXBuildFile; fileRef = 0F09FDD3E62F0EA2A9F1FE9F /* Pods_Instagram.framework */; };
/* End PBXBuildFile section */

/* Begin PBXContainerItemProxy section */
		2274696928EFCD1D00BFE0CD /* PBXContainerItemProxy */ = {
			isa = PBXContainerItemProxy;
			containerPortal = 2274694A28EFCD1A00BFE0CD /* Project object */;
			proxyType = 1;
			remoteGlobalIDString = 2274695128EFCD1A00BFE0CD;
			remoteInfo = Instagram;
		};
		2274697328EFCD1D00BFE0CD /* PBXContainerItemProxy */ = {
			isa = PBXContainerItemProxy;
			containerPortal = 2274694A28EFCD1A00BFE0CD /* Project object */;
			proxyType = 1;
			remoteGlobalIDString = 2274695128EFCD1A00BFE0CD;
			remoteInfo = Instagram;
		};
/* End PBXContainerItemProxy section */

/* Begin PBXFileReference section */
		0F09FDD3E62F0EA2A9F1FE9F /* Pods_Instagram.framework */ = {isa = PBXFileReference; explicitFileType = wrapper.framework; includeInIndex = 0; path = Pods_Instagram.framework; sourceTree = BUILT_PRODUCTS_DIR; };
		2274695228EFCD1A00BFE0CD /* Instagram.app */ = {isa = PBXFileReference; explicitFileType = wrapper.application; includeInIndex = 0; path = Instagram.app; sourceTree = BUILT_PRODUCTS_DIR; };
		2274695528EFCD1A00BFE0CD /* AppDelegate.swift */ = {isa = PBXFileReference; lastKnownFileType = sourcecode.swift; path = AppDelegate.swift; sourceTree = "<group>"; };
		2274695728EFCD1A00BFE0CD /* SceneDelegate.swift */ = {isa = PBXFileReference; lastKnownFileType = sourcecode.swift; path = SceneDelegate.swift; sourceTree = "<group>"; };
		2274695C28EFCD1A00BFE0CD /* Base */ = {isa = PBXFileReference; lastKnownFileType = file.storyboard; name = Base; path = Base.lproj/Main.storyboard; sourceTree = "<group>"; };
		2274695E28EFCD1D00BFE0CD /* Assets.xcassets */ = {isa = PBXFileReference; lastKnownFileType = folder.assetcatalog; path = Assets.xcassets; sourceTree = "<group>"; };
		2274696128EFCD1D00BFE0CD /* Base */ = {isa = PBXFileReference; lastKnownFileType = file.storyboard; name = Base; path = Base.lproj/LaunchScreen.storyboard; sourceTree = "<group>"; };
		2274696328EFCD1D00BFE0CD /* Info.plist */ = {isa = PBXFileReference; lastKnownFileType = text.plist.xml; path = Info.plist; sourceTree = "<group>"; };
		2274696828EFCD1D00BFE0CD /* InstagramTests.xctest */ = {isa = PBXFileReference; explicitFileType = wrapper.cfbundle; includeInIndex = 0; path = InstagramTests.xctest; sourceTree = BUILT_PRODUCTS_DIR; };
		2274696C28EFCD1D00BFE0CD /* InstagramTests.swift */ = {isa = PBXFileReference; lastKnownFileType = sourcecode.swift; path = InstagramTests.swift; sourceTree = "<group>"; };
		2274697228EFCD1D00BFE0CD /* InstagramUITests.xctest */ = {isa = PBXFileReference; explicitFileType = wrapper.cfbundle; includeInIndex = 0; path = InstagramUITests.xctest; sourceTree = BUILT_PRODUCTS_DIR; };
		2274697628EFCD1D00BFE0CD /* InstagramUITests.swift */ = {isa = PBXFileReference; lastKnownFileType = sourcecode.swift; path = InstagramUITests.swift; sourceTree = "<group>"; };
		2274697828EFCD1D00BFE0CD /* InstagramUITestsLaunchTests.swift */ = {isa = PBXFileReference; lastKnownFileType = sourcecode.swift; path = InstagramUITestsLaunchTests.swift; sourceTree = "<group>"; };
		2274698528EFEAAB00BFE0CD /* LoginViewController.swift */ = {isa = PBXFileReference; lastKnownFileType = sourcecode.swift; path = LoginViewController.swift; sourceTree = "<group>"; };
		2274698728EFEB2300BFE0CD /* FeedViewController.swift */ = {isa = PBXFileReference; lastKnownFileType = sourcecode.swift; path = FeedViewController.swift; sourceTree = "<group>"; };
		2274698928F1556D00BFE0CD /* CameraViewController.swift */ = {isa = PBXFileReference; lastKnownFileType = sourcecode.swift; path = CameraViewController.swift; sourceTree = "<group>"; };
		2274698D28F2777800BFE0CD /* PostCell.swift */ = {isa = PBXFileReference; lastKnownFileType = sourcecode.swift; path = PostCell.swift; sourceTree = "<group>"; };
		43E7BEBCCFF9732398FA7031 /* Pods-InstagramTests.debug.xcconfig */ = {isa = PBXFileReference; includeInIndex = 1; lastKnownFileType = text.xcconfig; name = "Pods-InstagramTests.debug.xcconfig"; path = "Target Support Files/Pods-InstagramTests/Pods-InstagramTests.debug.xcconfig"; sourceTree = "<group>"; };
		4D739787491228033051514E /* Pods-Instagram-InstagramUITests.debug.xcconfig */ = {isa = PBXFileReference; includeInIndex = 1; lastKnownFileType = text.xcconfig; name = "Pods-Instagram-InstagramUITests.debug.xcconfig"; path = "Target Support Files/Pods-Instagram-InstagramUITests/Pods-Instagram-InstagramUITests.debug.xcconfig"; sourceTree = "<group>"; };
		56E44ED172C4B82AD44DCB6B /* Pods_InstagramTests.framework */ = {isa = PBXFileReference; explicitFileType = wrapper.framework; includeInIndex = 0; path = Pods_InstagramTests.framework; sourceTree = BUILT_PRODUCTS_DIR; };
		6FEA9CA560607F7DF730B78B /* Pods-Instagram.debug.xcconfig */ = {isa = PBXFileReference; includeInIndex = 1; lastKnownFileType = text.xcconfig; name = "Pods-Instagram.debug.xcconfig"; path = "Target Support Files/Pods-Instagram/Pods-Instagram.debug.xcconfig"; sourceTree = "<group>"; };
		83CFDA4AE39D09973AD1CCDF /* Pods_Instagram_InstagramUITests.framework */ = {isa = PBXFileReference; explicitFileType = wrapper.framework; includeInIndex = 0; path = Pods_Instagram_InstagramUITests.framework; sourceTree = BUILT_PRODUCTS_DIR; };
		BAB3A018B6876F66C78F3E92 /* Pods-Instagram.release.xcconfig */ = {isa = PBXFileReference; includeInIndex = 1; lastKnownFileType = text.xcconfig; name = "Pods-Instagram.release.xcconfig"; path = "Target Support Files/Pods-Instagram/Pods-Instagram.release.xcconfig"; sourceTree = "<group>"; };
		D82C210A783354B00BF42354 /* Pods-InstagramTests.release.xcconfig */ = {isa = PBXFileReference; includeInIndex = 1; lastKnownFileType = text.xcconfig; name = "Pods-InstagramTests.release.xcconfig"; path = "Target Support Files/Pods-InstagramTests/Pods-InstagramTests.release.xcconfig"; sourceTree = "<group>"; };
		F93B06C428AAEE6CBEF35D16 /* Pods-Instagram-InstagramUITests.release.xcconfig */ = {isa = PBXFileReference; includeInIndex = 1; lastKnownFileType = text.xcconfig; name = "Pods-Instagram-InstagramUITests.release.xcconfig"; path = "Target Support Files/Pods-Instagram-InstagramUITests/Pods-Instagram-InstagramUITests.release.xcconfig"; sourceTree = "<group>"; };
/* End PBXFileReference section */

/* Begin PBXFrameworksBuildPhase section */
		2274694F28EFCD1A00BFE0CD /* Frameworks */ = {
			isa = PBXFrameworksBuildPhase;
			buildActionMask = 2147483647;
			files = (
				F8E271E1E0552981E1866814 /* Pods_Instagram.framework in Frameworks */,
			);
			runOnlyForDeploymentPostprocessing = 0;
		};
		2274696528EFCD1D00BFE0CD /* Frameworks */ = {
			isa = PBXFrameworksBuildPhase;
			buildActionMask = 2147483647;
			files = (
				F5CAE47FF3B7565BF726BEE1 /* Pods_InstagramTests.framework in Frameworks */,
			);
			runOnlyForDeploymentPostprocessing = 0;
		};
		2274696F28EFCD1D00BFE0CD /* Frameworks */ = {
			isa = PBXFrameworksBuildPhase;
			buildActionMask = 2147483647;
			files = (
				B95A4A037FAF235D0B986131 /* Pods_Instagram_InstagramUITests.framework in Frameworks */,
			);
			runOnlyForDeploymentPostprocessing = 0;
		};
/* End PBXFrameworksBuildPhase section */

/* Begin PBXGroup section */
		2274694928EFCD1A00BFE0CD = {
			isa = PBXGroup;
			children = (
				2274695428EFCD1A00BFE0CD /* Instagram */,
				2274696B28EFCD1D00BFE0CD /* InstagramTests */,
				2274697528EFCD1D00BFE0CD /* InstagramUITests */,
				2274695328EFCD1A00BFE0CD /* Products */,
				D46C59D8F10565330834831D /* Pods */,
				F282A1E3F77B76B807FFD6D8 /* Frameworks */,
			);
			sourceTree = "<group>";
		};
		2274695328EFCD1A00BFE0CD /* Products */ = {
			isa = PBXGroup;
			children = (
				2274695228EFCD1A00BFE0CD /* Instagram.app */,
				2274696828EFCD1D00BFE0CD /* InstagramTests.xctest */,
				2274697228EFCD1D00BFE0CD /* InstagramUITests.xctest */,
			);
			name = Products;
			sourceTree = "<group>";
		};
		2274695428EFCD1A00BFE0CD /* Instagram */ = {
			isa = PBXGroup;
			children = (
				2274695528EFCD1A00BFE0CD /* AppDelegate.swift */,
				2274695728EFCD1A00BFE0CD /* SceneDelegate.swift */,
				2274695B28EFCD1A00BFE0CD /* Main.storyboard */,
				2274698D28F2777800BFE0CD /* PostCell.swift */,
				2274698528EFEAAB00BFE0CD /* LoginViewController.swift */,
				2274698728EFEB2300BFE0CD /* FeedViewController.swift */,
				2274695E28EFCD1D00BFE0CD /* Assets.xcassets */,
				2274696028EFCD1D00BFE0CD /* LaunchScreen.storyboard */,
				2274696328EFCD1D00BFE0CD /* Info.plist */,
				2274698928F1556D00BFE0CD /* CameraViewController.swift */,
			);
			path = Instagram;
			sourceTree = "<group>";
		};
		2274696B28EFCD1D00BFE0CD /* InstagramTests */ = {
			isa = PBXGroup;
			children = (
				2274696C28EFCD1D00BFE0CD /* InstagramTests.swift */,
			);
			path = InstagramTests;
			sourceTree = "<group>";
		};
		2274697528EFCD1D00BFE0CD /* InstagramUITests */ = {
			isa = PBXGroup;
			children = (
				2274697628EFCD1D00BFE0CD /* InstagramUITests.swift */,
				2274697828EFCD1D00BFE0CD /* InstagramUITestsLaunchTests.swift */,
			);
			path = InstagramUITests;
			sourceTree = "<group>";
		};
		D46C59D8F10565330834831D /* Pods */ = {
			isa = PBXGroup;
			children = (
				6FEA9CA560607F7DF730B78B /* Pods-Instagram.debug.xcconfig */,
				BAB3A018B6876F66C78F3E92 /* Pods-Instagram.release.xcconfig */,
				4D739787491228033051514E /* Pods-Instagram-InstagramUITests.debug.xcconfig */,
				F93B06C428AAEE6CBEF35D16 /* Pods-Instagram-InstagramUITests.release.xcconfig */,
				43E7BEBCCFF9732398FA7031 /* Pods-InstagramTests.debug.xcconfig */,
				D82C210A783354B00BF42354 /* Pods-InstagramTests.release.xcconfig */,
			);
			path = Pods;
			sourceTree = "<group>";
		};
		F282A1E3F77B76B807FFD6D8 /* Frameworks */ = {
			isa = PBXGroup;
			children = (
				0F09FDD3E62F0EA2A9F1FE9F /* Pods_Instagram.framework */,
				83CFDA4AE39D09973AD1CCDF /* Pods_Instagram_InstagramUITests.framework */,
				56E44ED172C4B82AD44DCB6B /* Pods_InstagramTests.framework */,
			);
			name = Frameworks;
			sourceTree = "<group>";
		};
/* End PBXGroup section */

/* Begin PBXNativeTarget section */
		2274695128EFCD1A00BFE0CD /* Instagram */ = {
			isa = PBXNativeTarget;
			buildConfigurationList = 2274697C28EFCD1D00BFE0CD /* Build configuration list for PBXNativeTarget "Instagram" */;
			buildPhases = (
				89CA69E275F107EF41AD7910 /* [CP] Check Pods Manifest.lock */,
				2274694E28EFCD1A00BFE0CD /* Sources */,
				2274694F28EFCD1A00BFE0CD /* Frameworks */,
				2274695028EFCD1A00BFE0CD /* Resources */,
				9A33A2213773A2B08E87C304 /* [CP] Embed Pods Frameworks */,
			);
			buildRules = (
			);
			dependencies = (
			);
			name = Instagram;
			productName = Instagram;
			productReference = 2274695228EFCD1A00BFE0CD /* Instagram.app */;
			productType = "com.apple.product-type.application";
		};
		2274696728EFCD1D00BFE0CD /* InstagramTests */ = {
			isa = PBXNativeTarget;
			buildConfigurationList = 2274697F28EFCD1D00BFE0CD /* Build configuration list for PBXNativeTarget "InstagramTests" */;
			buildPhases = (
				C2E45FBDBC975FA61A52F7F1 /* [CP] Check Pods Manifest.lock */,
				2274696428EFCD1D00BFE0CD /* Sources */,
				2274696528EFCD1D00BFE0CD /* Frameworks */,
				2274696628EFCD1D00BFE0CD /* Resources */,
			);
			buildRules = (
			);
			dependencies = (
				2274696A28EFCD1D00BFE0CD /* PBXTargetDependency */,
			);
			name = InstagramTests;
			productName = InstagramTests;
			productReference = 2274696828EFCD1D00BFE0CD /* InstagramTests.xctest */;
			productType = "com.apple.product-type.bundle.unit-test";
		};
		2274697128EFCD1D00BFE0CD /* InstagramUITests */ = {
			isa = PBXNativeTarget;
			buildConfigurationList = 2274698228EFCD1D00BFE0CD /* Build configuration list for PBXNativeTarget "InstagramUITests" */;
			buildPhases = (
				96F254F0379606B31BA08705 /* [CP] Check Pods Manifest.lock */,
				2274696E28EFCD1D00BFE0CD /* Sources */,
				2274696F28EFCD1D00BFE0CD /* Frameworks */,
				2274697028EFCD1D00BFE0CD /* Resources */,
				2E1AF6D6665773676B67E047 /* [CP] Embed Pods Frameworks */,
			);
			buildRules = (
			);
			dependencies = (
				2274697428EFCD1D00BFE0CD /* PBXTargetDependency */,
			);
			name = InstagramUITests;
			productName = InstagramUITests;
			productReference = 2274697228EFCD1D00BFE0CD /* InstagramUITests.xctest */;
			productType = "com.apple.product-type.bundle.ui-testing";
		};
/* End PBXNativeTarget section */

/* Begin PBXProject section */
		2274694A28EFCD1A00BFE0CD /* Project object */ = {
			isa = PBXProject;
			attributes = {
				BuildIndependentTargetsInParallel = 1;
				LastSwiftUpdateCheck = 1400;
				LastUpgradeCheck = 1400;
				TargetAttributes = {
					2274695128EFCD1A00BFE0CD = {
						CreatedOnToolsVersion = 14.0;
					};
					2274696728EFCD1D00BFE0CD = {
						CreatedOnToolsVersion = 14.0;
						TestTargetID = 2274695128EFCD1A00BFE0CD;
					};
					2274697128EFCD1D00BFE0CD = {
						CreatedOnToolsVersion = 14.0;
						TestTargetID = 2274695128EFCD1A00BFE0CD;
					};
				};
			};
			buildConfigurationList = 2274694D28EFCD1A00BFE0CD /* Build configuration list for PBXProject "Instagram" */;
			compatibilityVersion = "Xcode 14.0";
			developmentRegion = en;
			hasScannedForEncodings = 0;
			knownRegions = (
				en,
				Base,
			);
			mainGroup = 2274694928EFCD1A00BFE0CD;
			productRefGroup = 2274695328EFCD1A00BFE0CD /* Products */;
			projectDirPath = "";
			projectRoot = "";
			targets = (
				2274695128EFCD1A00BFE0CD /* Instagram */,
				2274696728EFCD1D00BFE0CD /* InstagramTests */,
				2274697128EFCD1D00BFE0CD /* InstagramUITests */,
			);
		};
/* End PBXProject section */

/* Begin PBXResourcesBuildPhase section */
		2274695028EFCD1A00BFE0CD /* Resources */ = {
			isa = PBXResourcesBuildPhase;
			buildActionMask = 2147483647;
			files = (
				2274696228EFCD1D00BFE0CD /* LaunchScreen.storyboard in Resources */,
				2274695F28EFCD1D00BFE0CD /* Assets.xcassets in Resources */,
				2274695D28EFCD1A00BFE0CD /* Main.storyboard in Resources */,
			);
			runOnlyForDeploymentPostprocessing = 0;
		};
		2274696628EFCD1D00BFE0CD /* Resources */ = {
			isa = PBXResourcesBuildPhase;
			buildActionMask = 2147483647;
			files = (
			);
			runOnlyForDeploymentPostprocessing = 0;
		};
		2274697028EFCD1D00BFE0CD /* Resources */ = {
			isa = PBXResourcesBuildPhase;
			buildActionMask = 2147483647;
			files = (
			);
			runOnlyForDeploymentPostprocessing = 0;
		};
/* End PBXResourcesBuildPhase section */

/* Begin PBXShellScriptBuildPhase section */
		2E1AF6D6665773676B67E047 /* [CP] Embed Pods Frameworks */ = {
			isa = PBXShellScriptBuildPhase;
			buildActionMask = 2147483647;
			files = (
			);
			inputFileListPaths = (
				"${PODS_ROOT}/Target Support Files/Pods-Instagram-InstagramUITests/Pods-Instagram-InstagramUITests-frameworks-${CONFIGURATION}-input-files.xcfilelist",
			);
			name = "[CP] Embed Pods Frameworks";
			outputFileListPaths = (
				"${PODS_ROOT}/Target Support Files/Pods-Instagram-InstagramUITests/Pods-Instagram-InstagramUITests-frameworks-${CONFIGURATION}-output-files.xcfilelist",
			);
			runOnlyForDeploymentPostprocessing = 0;
			shellPath = /bin/sh;
			shellScript = "\"${PODS_ROOT}/Target Support Files/Pods-Instagram-InstagramUITests/Pods-Instagram-InstagramUITests-frameworks.sh\"\n";
			showEnvVarsInLog = 0;
		};
		89CA69E275F107EF41AD7910 /* [CP] Check Pods Manifest.lock */ = {
			isa = PBXShellScriptBuildPhase;
			buildActionMask = 2147483647;
			files = (
			);
			inputFileListPaths = (
			);
			inputPaths = (
				"${PODS_PODFILE_DIR_PATH}/Podfile.lock",
				"${PODS_ROOT}/Manifest.lock",
			);
			name = "[CP] Check Pods Manifest.lock";
			outputFileListPaths = (
			);
			outputPaths = (
				"$(DERIVED_FILE_DIR)/Pods-Instagram-checkManifestLockResult.txt",
			);
			runOnlyForDeploymentPostprocessing = 0;
			shellPath = /bin/sh;
			shellScript = "diff \"${PODS_PODFILE_DIR_PATH}/Podfile.lock\" \"${PODS_ROOT}/Manifest.lock\" > /dev/null\nif [ $? != 0 ] ; then\n    # print error to STDERR\n    echo \"error: The sandbox is not in sync with the Podfile.lock. Run 'pod install' or update your CocoaPods installation.\" >&2\n    exit 1\nfi\n# This output is used by Xcode 'outputs' to avoid re-running this script phase.\necho \"SUCCESS\" > \"${SCRIPT_OUTPUT_FILE_0}\"\n";
			showEnvVarsInLog = 0;
		};
		96F254F0379606B31BA08705 /* [CP] Check Pods Manifest.lock */ = {
			isa = PBXShellScriptBuildPhase;
			buildActionMask = 2147483647;
			files = (
			);
			inputFileListPaths = (
			);
			inputPaths = (
				"${PODS_PODFILE_DIR_PATH}/Podfile.lock",
				"${PODS_ROOT}/Manifest.lock",
			);
			name = "[CP] Check Pods Manifest.lock";
			outputFileListPaths = (
			);
			outputPaths = (
				"$(DERIVED_FILE_DIR)/Pods-Instagram-InstagramUITests-checkManifestLockResult.txt",
			);
			runOnlyForDeploymentPostprocessing = 0;
			shellPath = /bin/sh;
			shellScript = "diff \"${PODS_PODFILE_DIR_PATH}/Podfile.lock\" \"${PODS_ROOT}/Manifest.lock\" > /dev/null\nif [ $? != 0 ] ; then\n    # print error to STDERR\n    echo \"error: The sandbox is not in sync with the Podfile.lock. Run 'pod install' or update your CocoaPods installation.\" >&2\n    exit 1\nfi\n# This output is used by Xcode 'outputs' to avoid re-running this script phase.\necho \"SUCCESS\" > \"${SCRIPT_OUTPUT_FILE_0}\"\n";
			showEnvVarsInLog = 0;
		};
		9A33A2213773A2B08E87C304 /* [CP] Embed Pods Frameworks */ = {
			isa = PBXShellScriptBuildPhase;
			buildActionMask = 2147483647;
			files = (
			);
			inputFileListPaths = (
				"${PODS_ROOT}/Target Support Files/Pods-Instagram/Pods-Instagram-frameworks-${CONFIGURATION}-input-files.xcfilelist",
			);
			name = "[CP] Embed Pods Frameworks";
			outputFileListPaths = (
				"${PODS_ROOT}/Target Support Files/Pods-Instagram/Pods-Instagram-frameworks-${CONFIGURATION}-output-files.xcfilelist",
			);
			runOnlyForDeploymentPostprocessing = 0;
			shellPath = /bin/sh;
			shellScript = "\"${PODS_ROOT}/Target Support Files/Pods-Instagram/Pods-Instagram-frameworks.sh\"\n";
			showEnvVarsInLog = 0;
		};
		C2E45FBDBC975FA61A52F7F1 /* [CP] Check Pods Manifest.lock */ = {
			isa = PBXShellScriptBuildPhase;
			buildActionMask = 2147483647;
			files = (
			);
			inputFileListPaths = (
			);
			inputPaths = (
				"${PODS_PODFILE_DIR_PATH}/Podfile.lock",
				"${PODS_ROOT}/Manifest.lock",
			);
			name = "[CP] Check Pods Manifest.lock";
			outputFileListPaths = (
			);
			outputPaths = (
				"$(DERIVED_FILE_DIR)/Pods-InstagramTests-checkManifestLockResult.txt",
			);
			runOnlyForDeploymentPostprocessing = 0;
			shellPath = /bin/sh;
			shellScript = "diff \"${PODS_PODFILE_DIR_PATH}/Podfile.lock\" \"${PODS_ROOT}/Manifest.lock\" > /dev/null\nif [ $? != 0 ] ; then\n    # print error to STDERR\n    echo \"error: The sandbox is not in sync with the Podfile.lock. Run 'pod install' or update your CocoaPods installation.\" >&2\n    exit 1\nfi\n# This output is used by Xcode 'outputs' to avoid re-running this script phase.\necho \"SUCCESS\" > \"${SCRIPT_OUTPUT_FILE_0}\"\n";
			showEnvVarsInLog = 0;
		};
/* End PBXShellScriptBuildPhase section */

/* Begin PBXSourcesBuildPhase section */
		2274694E28EFCD1A00BFE0CD /* Sources */ = {
			isa = PBXSourcesBuildPhase;
			buildActionMask = 2147483647;
			files = (
				2274698628EFEAAB00BFE0CD /* LoginViewController.swift in Sources */,
				2274698A28F1556D00BFE0CD /* CameraViewController.swift in Sources */,
				2274695628EFCD1A00BFE0CD /* AppDelegate.swift in Sources */,
				2274698828EFEB2300BFE0CD /* FeedViewController.swift in Sources */,
				2274695828EFCD1A00BFE0CD /* SceneDelegate.swift in Sources */,
				2274698E28F2777800BFE0CD /* PostCell.swift in Sources */,
			);
			runOnlyForDeploymentPostprocessing = 0;
		};
		2274696428EFCD1D00BFE0CD /* Sources */ = {
			isa = PBXSourcesBuildPhase;
			buildActionMask = 2147483647;
			files = (
				2274696D28EFCD1D00BFE0CD /* InstagramTests.swift in Sources */,
			);
			runOnlyForDeploymentPostprocessing = 0;
		};
		2274696E28EFCD1D00BFE0CD /* Sources */ = {
			isa = PBXSourcesBuildPhase;
			buildActionMask = 2147483647;
			files = (
				2274697728EFCD1D00BFE0CD /* InstagramUITests.swift in Sources */,
				2274697928EFCD1D00BFE0CD /* InstagramUITestsLaunchTests.swift in Sources */,
			);
			runOnlyForDeploymentPostprocessing = 0;
		};
/* End PBXSourcesBuildPhase section */

/* Begin PBXTargetDependency section */
		2274696A28EFCD1D00BFE0CD /* PBXTargetDependency */ = {
			isa = PBXTargetDependency;
			target = 2274695128EFCD1A00BFE0CD /* Instagram */;
			targetProxy = 2274696928EFCD1D00BFE0CD /* PBXContainerItemProxy */;
		};
		2274697428EFCD1D00BFE0CD /* PBXTargetDependency */ = {
			isa = PBXTargetDependency;
			target = 2274695128EFCD1A00BFE0CD /* Instagram */;
			targetProxy = 2274697328EFCD1D00BFE0CD /* PBXContainerItemProxy */;
		};
/* End PBXTargetDependency section */

/* Begin PBXVariantGroup section */
		2274695B28EFCD1A00BFE0CD /* Main.storyboard */ = {
			isa = PBXVariantGroup;
			children = (
				2274695C28EFCD1A00BFE0CD /* Base */,
			);
			name = Main.storyboard;
			sourceTree = "<group>";
		};
		2274696028EFCD1D00BFE0CD /* LaunchScreen.storyboard */ = {
			isa = PBXVariantGroup;
			children = (
				2274696128EFCD1D00BFE0CD /* Base */,
			);
			name = LaunchScreen.storyboard;
			sourceTree = "<group>";
		};
/* End PBXVariantGroup section */

/* Begin XCBuildConfiguration section */
		2274697A28EFCD1D00BFE0CD /* Debug */ = {
			isa = XCBuildConfiguration;
			buildSettings = {
				ALWAYS_SEARCH_USER_PATHS = NO;
				CLANG_ANALYZER_NONNULL = YES;
				CLANG_ANALYZER_NUMBER_OBJECT_CONVERSION = YES_AGGRESSIVE;
				CLANG_CXX_LANGUAGE_STANDARD = "gnu++20";
				CLANG_ENABLE_MODULES = YES;
				CLANG_ENABLE_OBJC_ARC = YES;
				CLANG_ENABLE_OBJC_WEAK = YES;
				CLANG_WARN_BLOCK_CAPTURE_AUTORELEASING = YES;
				CLANG_WARN_BOOL_CONVERSION = YES;
				CLANG_WARN_COMMA = YES;
				CLANG_WARN_CONSTANT_CONVERSION = YES;
				CLANG_WARN_DEPRECATED_OBJC_IMPLEMENTATIONS = YES;
				CLANG_WARN_DIRECT_OBJC_ISA_USAGE = YES_ERROR;
				CLANG_WARN_DOCUMENTATION_COMMENTS = YES;
				CLANG_WARN_EMPTY_BODY = YES;
				CLANG_WARN_ENUM_CONVERSION = YES;
				CLANG_WARN_INFINITE_RECURSION = YES;
				CLANG_WARN_INT_CONVERSION = YES;
				CLANG_WARN_NON_LITERAL_NULL_CONVERSION = YES;
				CLANG_WARN_OBJC_IMPLICIT_RETAIN_SELF = YES;
				CLANG_WARN_OBJC_LITERAL_CONVERSION = YES;
				CLANG_WARN_OBJC_ROOT_CLASS = YES_ERROR;
				CLANG_WARN_QUOTED_INCLUDE_IN_FRAMEWORK_HEADER = YES;
				CLANG_WARN_RANGE_LOOP_ANALYSIS = YES;
				CLANG_WARN_STRICT_PROTOTYPES = YES;
				CLANG_WARN_SUSPICIOUS_MOVE = YES;
				CLANG_WARN_UNGUARDED_AVAILABILITY = YES_AGGRESSIVE;
				CLANG_WARN_UNREACHABLE_CODE = YES;
				CLANG_WARN__DUPLICATE_METHOD_MATCH = YES;
				COPY_PHASE_STRIP = NO;
				DEBUG_INFORMATION_FORMAT = dwarf;
				ENABLE_STRICT_OBJC_MSGSEND = YES;
				ENABLE_TESTABILITY = YES;
				GCC_C_LANGUAGE_STANDARD = gnu11;
				GCC_DYNAMIC_NO_PIC = NO;
				GCC_NO_COMMON_BLOCKS = YES;
				GCC_OPTIMIZATION_LEVEL = 0;
				GCC_PREPROCESSOR_DEFINITIONS = (
					"DEBUG=1",
					"$(inherited)",
				);
				GCC_WARN_64_TO_32_BIT_CONVERSION = YES;
				GCC_WARN_ABOUT_RETURN_TYPE = YES_ERROR;
				GCC_WARN_UNDECLARED_SELECTOR = YES;
				GCC_WARN_UNINITIALIZED_AUTOS = YES_AGGRESSIVE;
				GCC_WARN_UNUSED_FUNCTION = YES;
				GCC_WARN_UNUSED_VARIABLE = YES;
				IPHONEOS_DEPLOYMENT_TARGET = 16.0;
				MTL_ENABLE_DEBUG_INFO = INCLUDE_SOURCE;
				MTL_FAST_MATH = YES;
				ONLY_ACTIVE_ARCH = YES;
				SDKROOT = iphoneos;
				SWIFT_ACTIVE_COMPILATION_CONDITIONS = DEBUG;
				SWIFT_OPTIMIZATION_LEVEL = "-Onone";
			};
			name = Debug;
		};
		2274697B28EFCD1D00BFE0CD /* Release */ = {
			isa = XCBuildConfiguration;
			buildSettings = {
				ALWAYS_SEARCH_USER_PATHS = NO;
				CLANG_ANALYZER_NONNULL = YES;
				CLANG_ANALYZER_NUMBER_OBJECT_CONVERSION = YES_AGGRESSIVE;
				CLANG_CXX_LANGUAGE_STANDARD = "gnu++20";
				CLANG_ENABLE_MODULES = YES;
				CLANG_ENABLE_OBJC_ARC = YES;
				CLANG_ENABLE_OBJC_WEAK = YES;
				CLANG_WARN_BLOCK_CAPTURE_AUTORELEASING = YES;
				CLANG_WARN_BOOL_CONVERSION = YES;
				CLANG_WARN_COMMA = YES;
				CLANG_WARN_CONSTANT_CONVERSION = YES;
				CLANG_WARN_DEPRECATED_OBJC_IMPLEMENTATIONS = YES;
				CLANG_WARN_DIRECT_OBJC_ISA_USAGE = YES_ERROR;
				CLANG_WARN_DOCUMENTATION_COMMENTS = YES;
				CLANG_WARN_EMPTY_BODY = YES;
				CLANG_WARN_ENUM_CONVERSION = YES;
				CLANG_WARN_INFINITE_RECURSION = YES;
				CLANG_WARN_INT_CONVERSION = YES;
				CLANG_WARN_NON_LITERAL_NULL_CONVERSION = YES;
				CLANG_WARN_OBJC_IMPLICIT_RETAIN_SELF = YES;
				CLANG_WARN_OBJC_LITERAL_CONVERSION = YES;
				CLANG_WARN_OBJC_ROOT_CLASS = YES_ERROR;
				CLANG_WARN_QUOTED_INCLUDE_IN_FRAMEWORK_HEADER = YES;
				CLANG_WARN_RANGE_LOOP_ANALYSIS = YES;
				CLANG_WARN_STRICT_PROTOTYPES = YES;
				CLANG_WARN_SUSPICIOUS_MOVE = YES;
				CLANG_WARN_UNGUARDED_AVAILABILITY = YES_AGGRESSIVE;
				CLANG_WARN_UNREACHABLE_CODE = YES;
				CLANG_WARN__DUPLICATE_METHOD_MATCH = YES;
				COPY_PHASE_STRIP = NO;
				DEBUG_INFORMATION_FORMAT = "dwarf-with-dsym";
				ENABLE_NS_ASSERTIONS = NO;
				ENABLE_STRICT_OBJC_MSGSEND = YES;
				GCC_C_LANGUAGE_STANDARD = gnu11;
				GCC_NO_COMMON_BLOCKS = YES;
				GCC_WARN_64_TO_32_BIT_CONVERSION = YES;
				GCC_WARN_ABOUT_RETURN_TYPE = YES_ERROR;
				GCC_WARN_UNDECLARED_SELECTOR = YES;
				GCC_WARN_UNINITIALIZED_AUTOS = YES_AGGRESSIVE;
				GCC_WARN_UNUSED_FUNCTION = YES;
				GCC_WARN_UNUSED_VARIABLE = YES;
				IPHONEOS_DEPLOYMENT_TARGET = 16.0;
				MTL_ENABLE_DEBUG_INFO = NO;
				MTL_FAST_MATH = YES;
				SDKROOT = iphoneos;
				SWIFT_COMPILATION_MODE = wholemodule;
				SWIFT_OPTIMIZATION_LEVEL = "-O";
				VALIDATE_PRODUCT = YES;
			};
			name = Release;
		};
		2274697D28EFCD1D00BFE0CD /* Debug */ = {
			isa = XCBuildConfiguration;
			baseConfigurationReference = 6FEA9CA560607F7DF730B78B /* Pods-Instagram.debug.xcconfig */;
			buildSettings = {
				ASSETCATALOG_COMPILER_APPICON_NAME = AppIcon;
				ASSETCATALOG_COMPILER_GLOBAL_ACCENT_COLOR_NAME = AccentColor;
				CODE_SIGN_STYLE = Automatic;
				CURRENT_PROJECT_VERSION = 1;
				DEVELOPMENT_TEAM = 4Y7MSR48MC;
				GENERATE_INFOPLIST_FILE = YES;
				INFOPLIST_FILE = Instagram/Info.plist;
				INFOPLIST_KEY_UIApplicationSupportsIndirectInputEvents = YES;
				INFOPLIST_KEY_UILaunchStoryboardName = LaunchScreen;
				INFOPLIST_KEY_UIMainStoryboardFile = Main;
				INFOPLIST_KEY_UISupportedInterfaceOrientations_iPad = "UIInterfaceOrientationPortrait UIInterfaceOrientationPortraitUpsideDown UIInterfaceOrientationLandscapeLeft UIInterfaceOrientationLandscapeRight";
				INFOPLIST_KEY_UISupportedInterfaceOrientations_iPhone = "UIInterfaceOrientationPortrait UIInterfaceOrientationLandscapeLeft UIInterfaceOrientationLandscapeRight";
				LD_RUNPATH_SEARCH_PATHS = (
					"$(inherited)",
					"@executable_path/Frameworks",
				);
				MARKETING_VERSION = 1.0;
				PRODUCT_BUNDLE_IDENTIFIER = com.Cleff.Paillant.Instagram;
				PRODUCT_NAME = "$(TARGET_NAME)";
				SWIFT_EMIT_LOC_STRINGS = YES;
				SWIFT_VERSION = 5.0;
				TARGETED_DEVICE_FAMILY = "1,2";
			};
			name = Debug;
		};
		2274697E28EFCD1D00BFE0CD /* Release */ = {
			isa = XCBuildConfiguration;
			baseConfigurationReference = BAB3A018B6876F66C78F3E92 /* Pods-Instagram.release.xcconfig */;
			buildSettings = {
				ASSETCATALOG_COMPILER_APPICON_NAME = AppIcon;
				ASSETCATALOG_COMPILER_GLOBAL_ACCENT_COLOR_NAME = AccentColor;
				CODE_SIGN_STYLE = Automatic;
				CURRENT_PROJECT_VERSION = 1;
				DEVELOPMENT_TEAM = 4Y7MSR48MC;
				GENERATE_INFOPLIST_FILE = YES;
				INFOPLIST_FILE = Instagram/Info.plist;
				INFOPLIST_KEY_UIApplicationSupportsIndirectInputEvents = YES;
				INFOPLIST_KEY_UILaunchStoryboardName = LaunchScreen;
				INFOPLIST_KEY_UIMainStoryboardFile = Main;
				INFOPLIST_KEY_UISupportedInterfaceOrientations_iPad = "UIInterfaceOrientationPortrait UIInterfaceOrientationPortraitUpsideDown UIInterfaceOrientationLandscapeLeft UIInterfaceOrientationLandscapeRight";
				INFOPLIST_KEY_UISupportedInterfaceOrientations_iPhone = "UIInterfaceOrientationPortrait UIInterfaceOrientationLandscapeLeft UIInterfaceOrientationLandscapeRight";
				LD_RUNPATH_SEARCH_PATHS = (
					"$(inherited)",
					"@executable_path/Frameworks",
				);
				MARKETING_VERSION = 1.0;
				PRODUCT_BUNDLE_IDENTIFIER = com.Cleff.Paillant.Instagram;
				PRODUCT_NAME = "$(TARGET_NAME)";
				SWIFT_EMIT_LOC_STRINGS = YES;
				SWIFT_VERSION = 5.0;
				TARGETED_DEVICE_FAMILY = "1,2";
			};
			name = Release;
		};
		2274698028EFCD1D00BFE0CD /* Debug */ = {
			isa = XCBuildConfiguration;
			baseConfigurationReference = 43E7BEBCCFF9732398FA7031 /* Pods-InstagramTests.debug.xcconfig */;
			buildSettings = {
				ALWAYS_EMBED_SWIFT_STANDARD_LIBRARIES = YES;
				BUNDLE_LOADER = "$(TEST_HOST)";
				CODE_SIGN_STYLE = Automatic;
				CURRENT_PROJECT_VERSION = 1;
				DEVELOPMENT_TEAM = 4Y7MSR48MC;
				GENERATE_INFOPLIST_FILE = YES;
				IPHONEOS_DEPLOYMENT_TARGET = 16.0;
				MARKETING_VERSION = 1.0;
				PRODUCT_BUNDLE_IDENTIFIER = com.Cleff.Paillant.InstagramTests;
				PRODUCT_NAME = "$(TARGET_NAME)";
				SWIFT_EMIT_LOC_STRINGS = NO;
				SWIFT_VERSION = 5.0;
				TARGETED_DEVICE_FAMILY = "1,2";
				TEST_HOST = "$(BUILT_PRODUCTS_DIR)/Instagram.app/$(BUNDLE_EXECUTABLE_FOLDER_PATH)/Instagram";
			};
			name = Debug;
		};
		2274698128EFCD1D00BFE0CD /* Release */ = {
			isa = XCBuildConfiguration;
			baseConfigurationReference = D82C210A783354B00BF42354 /* Pods-InstagramTests.release.xcconfig */;
			buildSettings = {
				ALWAYS_EMBED_SWIFT_STANDARD_LIBRARIES = YES;
				BUNDLE_LOADER = "$(TEST_HOST)";
				CODE_SIGN_STYLE = Automatic;
				CURRENT_PROJECT_VERSION = 1;
				DEVELOPMENT_TEAM = 4Y7MSR48MC;
				GENERATE_INFOPLIST_FILE = YES;
				IPHONEOS_DEPLOYMENT_TARGET = 16.0;
				MARKETING_VERSION = 1.0;
				PRODUCT_BUNDLE_IDENTIFIER = com.Cleff.Paillant.InstagramTests;
				PRODUCT_NAME = "$(TARGET_NAME)";
				SWIFT_EMIT_LOC_STRINGS = NO;
				SWIFT_VERSION = 5.0;
				TARGETED_DEVICE_FAMILY = "1,2";
				TEST_HOST = "$(BUILT_PRODUCTS_DIR)/Instagram.app/$(BUNDLE_EXECUTABLE_FOLDER_PATH)/Instagram";
			};
			name = Release;
		};
		2274698328EFCD1D00BFE0CD /* Debug */ = {
			isa = XCBuildConfiguration;
			baseConfigurationReference = 4D739787491228033051514E /* Pods-Instagram-InstagramUITests.debug.xcconfig */;
			buildSettings = {
				ALWAYS_EMBED_SWIFT_STANDARD_LIBRARIES = YES;
				CODE_SIGN_STYLE = Automatic;
				CURRENT_PROJECT_VERSION = 1;
				DEVELOPMENT_TEAM = 4Y7MSR48MC;
				GENERATE_INFOPLIST_FILE = YES;
				MARKETING_VERSION = 1.0;
				PRODUCT_BUNDLE_IDENTIFIER = com.Cleff.Paillant.InstagramUITests;
				PRODUCT_NAME = "$(TARGET_NAME)";
				SWIFT_EMIT_LOC_STRINGS = NO;
				SWIFT_VERSION = 5.0;
				TARGETED_DEVICE_FAMILY = "1,2";
				TEST_TARGET_NAME = Instagram;
			};
			name = Debug;
		};
		2274698428EFCD1D00BFE0CD /* Release */ = {
			isa = XCBuildConfiguration;
			baseConfigurationReference = F93B06C428AAEE6CBEF35D16 /* Pods-Instagram-InstagramUITests.release.xcconfig */;
			buildSettings = {
				ALWAYS_EMBED_SWIFT_STANDARD_LIBRARIES = YES;
				CODE_SIGN_STYLE = Automatic;
				CURRENT_PROJECT_VERSION = 1;
				DEVELOPMENT_TEAM = 4Y7MSR48MC;
				GENERATE_INFOPLIST_FILE = YES;
				MARKETING_VERSION = 1.0;
				PRODUCT_BUNDLE_IDENTIFIER = com.Cleff.Paillant.InstagramUITests;
				PRODUCT_NAME = "$(TARGET_NAME)";
				SWIFT_EMIT_LOC_STRINGS = NO;
				SWIFT_VERSION = 5.0;
				TARGETED_DEVICE_FAMILY = "1,2";
				TEST_TARGET_NAME = Instagram;
			};
			name = Release;
		};
/* End XCBuildConfiguration section */

/* Begin XCConfigurationList section */
		2274694D28EFCD1A00BFE0CD /* Build configuration list for PBXProject "Instagram" */ = {
			isa = XCConfigurationList;
			buildConfigurations = (
				2274697A28EFCD1D00BFE0CD /* Debug */,
				2274697B28EFCD1D00BFE0CD /* Release */,
			);
			defaultConfigurationIsVisible = 0;
			defaultConfigurationName = Release;
		};
		2274697C28EFCD1D00BFE0CD /* Build configuration list for PBXNativeTarget "Instagram" */ = {
			isa = XCConfigurationList;
			buildConfigurations = (
				2274697D28EFCD1D00BFE0CD /* Debug */,
				2274697E28EFCD1D00BFE0CD /* Release */,
			);
			defaultConfigurationIsVisible = 0;
			defaultConfigurationName = Release;
		};
		2274697F28EFCD1D00BFE0CD /* Build configuration list for PBXNativeTarget "InstagramTests" */ = {
			isa = XCConfigurationList;
			buildConfigurations = (
				2274698028EFCD1D00BFE0CD /* Debug */,
				2274698128EFCD1D00BFE0CD /* Release */,
			);
			defaultConfigurationIsVisible = 0;
			defaultConfigurationName = Release;
		};
		2274698228EFCD1D00BFE0CD /* Build configuration list for PBXNativeTarget "InstagramUITests" */ = {
			isa = XCConfigurationList;
			buildConfigurations = (
				2274698328EFCD1D00BFE0CD /* Debug */,
				2274698428EFCD1D00BFE0CD /* Release */,
			);
			defaultConfigurationIsVisible = 0;
			defaultConfigurationName = Release;
		};
/* End XCConfigurationList section */
	};
	rootObject = 2274694A28EFCD1A00BFE0CD /* Project object */;
}
